
Microsoft Visual Studio Solution File, Format Version 12.00
# Visual Studio Version 16
VisualStudioVersion = 16.0.30204.135
MinimumVisualStudioVersion = 10.0.40219.1
Project("{9A19103F-16F7-4668-BE54-9A1E7A4F7556}") = "Wellcome.Dds.Server", "Wellcome.Dds.Server\Wellcome.Dds.Server.csproj", "{6E7BCDDD-3745-43DF-B53F-CDC4F5B70FF2}"
EndProject
Project("{9A19103F-16F7-4668-BE54-9A1E7A4F7556}") = "Wellcome.Dds.Common", "Wellcome.Dds.Common\Wellcome.Dds.Common.csproj", "{CA66A8B8-9816-4EED-AAD9-FAD5579304AA}"
EndProject
Project("{9A19103F-16F7-4668-BE54-9A1E7A4F7556}") = "Utils", "Utils\Utils.csproj", "{0A470661-6F4E-45D6-BA6C-FBF0DC0F9213}"
EndProject
Project("{2150E333-8FDC-42A3-9474-1A3956D46DE8}") = "Tests", "Tests", "{0591D781-5C15-454F-9243-FE6536EDFEC1}"
EndProject
Project("{9A19103F-16F7-4668-BE54-9A1E7A4F7556}") = "Utils.Tests", "Utils.Tests\Utils.Tests.csproj", "{B48B1C44-A7FB-4472-92C8-195F69E75CF0}"
EndProject
Project("{9A19103F-16F7-4668-BE54-9A1E7A4F7556}") = "Wellcome.Dds.Dashboard", "Wellcome.Dds.Dashboard\Wellcome.Dds.Dashboard.csproj", "{E22BF9A0-131D-4964-954A-EB5FCF0EBEF1}"
EndProject
Project("{9A19103F-16F7-4668-BE54-9A1E7A4F7556}") = "DlcsJobProcessor", "DlcsJobProcessor\DlcsJobProcessor.csproj", "{243FB802-9826-47F0-B667-393BB8322CD8}"
EndProject
Project("{9A19103F-16F7-4668-BE54-9A1E7A4F7556}") = "WorkflowProcessor", "WorkflowProcessor\WorkflowProcessor.csproj", "{BA319EE8-5315-495C-B929-9E5EB0893117}"
EndProject
Project("{9A19103F-16F7-4668-BE54-9A1E7A4F7556}") = "Wellcome.Dds.Data", "Wellcome.Dds.Data\Wellcome.Dds.Data.csproj", "{18A5F9A7-EB13-4636-94CA-B892F811081B}"
EndProject
Project("{9A19103F-16F7-4668-BE54-9A1E7A4F7556}") = "Wellcome.Dds.AssetDomainRepositories", "Wellcome.Dds.AssetDomainRepositories\Wellcome.Dds.AssetDomainRepositories.csproj", "{B61FB8E6-7674-4BF9-9FA7-92C2CF8071D2}"
EndProject
Project("{9A19103F-16F7-4668-BE54-9A1E7A4F7556}") = "Wellcome.Dds.AssetDomain", "Wellcome.Dds.AssetDomain\Wellcome.Dds.AssetDomain.csproj", "{1D308CB3-2F47-482B-B83B-AE7DFC446425}"
EndProject
Project("{9A19103F-16F7-4668-BE54-9A1E7A4F7556}") = "DlcsWebClient", "DlcsWebClient\DlcsWebClient.csproj", "{0BE3069E-FF83-4482-825A-03D642B7403D}"
EndProject
Project("{9A19103F-16F7-4668-BE54-9A1E7A4F7556}") = "Wellcome.Dds", "Wellcome.Dds\Wellcome.Dds.csproj", "{5DA8E1F3-BA02-44EC-B562-D51A05461F13}"
EndProject
Project("{9A19103F-16F7-4668-BE54-9A1E7A4F7556}") = "Utils.Aws", "Utils.Aws\Utils.Aws.csproj", "{F1A525FA-9DF7-46F2-A10E-902E39A47554}"
EndProject
Project("{FAE04EC0-301F-11D3-BF4B-00C04F79EFBC}") = "Wellcome.Dds.Repositories", "Wellcome.Dds.Repositories\Wellcome.Dds.Repositories.csproj", "{0E0B5C54-0552-4613-9739-79A0C1487F3D}"
EndProject
Project("{FAE04EC0-301F-11D3-BF4B-00C04F79EFBC}") = "DlcsWebClient.Tests", "DlcsWebClient.Tests\DlcsWebClient.Tests.csproj", "{18B02CF1-4A24-4B4A-9C85-25EE0D9603CF}"
EndProject
Global
	GlobalSection(SolutionConfigurationPlatforms) = preSolution
		Debug|Any CPU = Debug|Any CPU
		Release|Any CPU = Release|Any CPU
	EndGlobalSection
	GlobalSection(ProjectConfigurationPlatforms) = postSolution
		{6E7BCDDD-3745-43DF-B53F-CDC4F5B70FF2}.Debug|Any CPU.ActiveCfg = Debug|Any CPU
		{6E7BCDDD-3745-43DF-B53F-CDC4F5B70FF2}.Debug|Any CPU.Build.0 = Debug|Any CPU
		{6E7BCDDD-3745-43DF-B53F-CDC4F5B70FF2}.Release|Any CPU.ActiveCfg = Release|Any CPU
		{6E7BCDDD-3745-43DF-B53F-CDC4F5B70FF2}.Release|Any CPU.Build.0 = Release|Any CPU
		{CA66A8B8-9816-4EED-AAD9-FAD5579304AA}.Debug|Any CPU.ActiveCfg = Debug|Any CPU
		{CA66A8B8-9816-4EED-AAD9-FAD5579304AA}.Debug|Any CPU.Build.0 = Debug|Any CPU
		{CA66A8B8-9816-4EED-AAD9-FAD5579304AA}.Release|Any CPU.ActiveCfg = Release|Any CPU
		{CA66A8B8-9816-4EED-AAD9-FAD5579304AA}.Release|Any CPU.Build.0 = Release|Any CPU
		{0A470661-6F4E-45D6-BA6C-FBF0DC0F9213}.Debug|Any CPU.ActiveCfg = Debug|Any CPU
		{0A470661-6F4E-45D6-BA6C-FBF0DC0F9213}.Debug|Any CPU.Build.0 = Debug|Any CPU
		{0A470661-6F4E-45D6-BA6C-FBF0DC0F9213}.Release|Any CPU.ActiveCfg = Release|Any CPU
		{0A470661-6F4E-45D6-BA6C-FBF0DC0F9213}.Release|Any CPU.Build.0 = Release|Any CPU
		{B48B1C44-A7FB-4472-92C8-195F69E75CF0}.Debug|Any CPU.ActiveCfg = Debug|Any CPU
		{B48B1C44-A7FB-4472-92C8-195F69E75CF0}.Debug|Any CPU.Build.0 = Debug|Any CPU
		{B48B1C44-A7FB-4472-92C8-195F69E75CF0}.Release|Any CPU.ActiveCfg = Release|Any CPU
		{B48B1C44-A7FB-4472-92C8-195F69E75CF0}.Release|Any CPU.Build.0 = Release|Any CPU
		{E22BF9A0-131D-4964-954A-EB5FCF0EBEF1}.Debug|Any CPU.ActiveCfg = Debug|Any CPU
		{E22BF9A0-131D-4964-954A-EB5FCF0EBEF1}.Debug|Any CPU.Build.0 = Debug|Any CPU
		{E22BF9A0-131D-4964-954A-EB5FCF0EBEF1}.Release|Any CPU.ActiveCfg = Release|Any CPU
		{E22BF9A0-131D-4964-954A-EB5FCF0EBEF1}.Release|Any CPU.Build.0 = Release|Any CPU
		{243FB802-9826-47F0-B667-393BB8322CD8}.Debug|Any CPU.ActiveCfg = Debug|Any CPU
		{243FB802-9826-47F0-B667-393BB8322CD8}.Debug|Any CPU.Build.0 = Debug|Any CPU
		{243FB802-9826-47F0-B667-393BB8322CD8}.Release|Any CPU.ActiveCfg = Release|Any CPU
		{243FB802-9826-47F0-B667-393BB8322CD8}.Release|Any CPU.Build.0 = Release|Any CPU
		{BA319EE8-5315-495C-B929-9E5EB0893117}.Debug|Any CPU.ActiveCfg = Debug|Any CPU
		{BA319EE8-5315-495C-B929-9E5EB0893117}.Debug|Any CPU.Build.0 = Debug|Any CPU
		{BA319EE8-5315-495C-B929-9E5EB0893117}.Release|Any CPU.ActiveCfg = Release|Any CPU
		{BA319EE8-5315-495C-B929-9E5EB0893117}.Release|Any CPU.Build.0 = Release|Any CPU
		{18A5F9A7-EB13-4636-94CA-B892F811081B}.Debug|Any CPU.ActiveCfg = Debug|Any CPU
		{18A5F9A7-EB13-4636-94CA-B892F811081B}.Debug|Any CPU.Build.0 = Debug|Any CPU
		{18A5F9A7-EB13-4636-94CA-B892F811081B}.Release|Any CPU.ActiveCfg = Release|Any CPU
		{18A5F9A7-EB13-4636-94CA-B892F811081B}.Release|Any CPU.Build.0 = Release|Any CPU
		{B61FB8E6-7674-4BF9-9FA7-92C2CF8071D2}.Debug|Any CPU.ActiveCfg = Debug|Any CPU
		{B61FB8E6-7674-4BF9-9FA7-92C2CF8071D2}.Debug|Any CPU.Build.0 = Debug|Any CPU
		{B61FB8E6-7674-4BF9-9FA7-92C2CF8071D2}.Release|Any CPU.ActiveCfg = Release|Any CPU
		{B61FB8E6-7674-4BF9-9FA7-92C2CF8071D2}.Release|Any CPU.Build.0 = Release|Any CPU
		{1D308CB3-2F47-482B-B83B-AE7DFC446425}.Debug|Any CPU.ActiveCfg = Debug|Any CPU
		{1D308CB3-2F47-482B-B83B-AE7DFC446425}.Debug|Any CPU.Build.0 = Debug|Any CPU
		{1D308CB3-2F47-482B-B83B-AE7DFC446425}.Release|Any CPU.ActiveCfg = Release|Any CPU
		{1D308CB3-2F47-482B-B83B-AE7DFC446425}.Release|Any CPU.Build.0 = Release|Any CPU
		{0BE3069E-FF83-4482-825A-03D642B7403D}.Debug|Any CPU.ActiveCfg = Debug|Any CPU
		{0BE3069E-FF83-4482-825A-03D642B7403D}.Debug|Any CPU.Build.0 = Debug|Any CPU
		{0BE3069E-FF83-4482-825A-03D642B7403D}.Release|Any CPU.ActiveCfg = Release|Any CPU
		{0BE3069E-FF83-4482-825A-03D642B7403D}.Release|Any CPU.Build.0 = Release|Any CPU
		{5DA8E1F3-BA02-44EC-B562-D51A05461F13}.Debug|Any CPU.ActiveCfg = Debug|Any CPU
		{5DA8E1F3-BA02-44EC-B562-D51A05461F13}.Debug|Any CPU.Build.0 = Debug|Any CPU
		{5DA8E1F3-BA02-44EC-B562-D51A05461F13}.Release|Any CPU.ActiveCfg = Release|Any CPU
		{5DA8E1F3-BA02-44EC-B562-D51A05461F13}.Release|Any CPU.Build.0 = Release|Any CPU
		{F1A525FA-9DF7-46F2-A10E-902E39A47554}.Debug|Any CPU.ActiveCfg = Debug|Any CPU
		{F1A525FA-9DF7-46F2-A10E-902E39A47554}.Debug|Any CPU.Build.0 = Debug|Any CPU
		{F1A525FA-9DF7-46F2-A10E-902E39A47554}.Release|Any CPU.ActiveCfg = Release|Any CPU
		{F1A525FA-9DF7-46F2-A10E-902E39A47554}.Release|Any CPU.Build.0 = Release|Any CPU
		{0E0B5C54-0552-4613-9739-79A0C1487F3D}.Debug|Any CPU.ActiveCfg = Debug|Any CPU
		{0E0B5C54-0552-4613-9739-79A0C1487F3D}.Debug|Any CPU.Build.0 = Debug|Any CPU
		{0E0B5C54-0552-4613-9739-79A0C1487F3D}.Release|Any CPU.ActiveCfg = Release|Any CPU
		{0E0B5C54-0552-4613-9739-79A0C1487F3D}.Release|Any CPU.Build.0 = Release|Any CPU
		{18B02CF1-4A24-4B4A-9C85-25EE0D9603CF}.Debug|Any CPU.ActiveCfg = Debug|Any CPU
		{18B02CF1-4A24-4B4A-9C85-25EE0D9603CF}.Debug|Any CPU.Build.0 = Debug|Any CPU
		{18B02CF1-4A24-4B4A-9C85-25EE0D9603CF}.Release|Any CPU.ActiveCfg = Release|Any CPU
		{18B02CF1-4A24-4B4A-9C85-25EE0D9603CF}.Release|Any CPU.Build.0 = Release|Any CPU
	EndGlobalSection
	GlobalSection(SolutionProperties) = preSolution
		HideSolutionNode = FALSE
	EndGlobalSection
	GlobalSection(NestedProjects) = preSolution
		{B48B1C44-A7FB-4472-92C8-195F69E75CF0} = {0591D781-5C15-454F-9243-FE6536EDFEC1}
		{18B02CF1-4A24-4B4A-9C85-25EE0D9603CF} = {0591D781-5C15-454F-9243-FE6536EDFEC1}
	EndGlobalSection
	GlobalSection(ExtensibilityGlobals) = postSolution
		SolutionGuid = {2745EEFB-05EA-40E0-BECC-7F24548F7DE7}
	EndGlobalSection
EndGlobal
