
Microsoft Visual Studio Solution File, Format Version 12.00
Project("{FAE04EC0-301F-11D3-BF4B-00C04F79EFBC}") = "Wellcome.Dds.Server", "Wellcome.Dds.Server\Wellcome.Dds.Server.csproj", "{6E7BCDDD-3745-43DF-B53F-CDC4F5B70FF2}"
EndProject
Project("{FAE04EC0-301F-11D3-BF4B-00C04F79EFBC}") = "Wellcome.Dds.Common", "Wellcome.Dds.Common\Wellcome.Dds.Common.csproj", "{CA66A8B8-9816-4EED-AAD9-FAD5579304AA}"
EndProject
Project("{FAE04EC0-301F-11D3-BF4B-00C04F79EFBC}") = "Utils", "Utils\Utils.csproj", "{0A470661-6F4E-45D6-BA6C-FBF0DC0F9213}"
EndProject
Global
	GlobalSection(SolutionConfigurationPlatforms) = preSolution
		Debug|Any CPU = Debug|Any CPU
		Release|Any CPU = Release|Any CPU
	EndGlobalSection
	GlobalSection(ProjectConfigurationPlatforms) = postSolution
		{6E7BCDDD-3745-43DF-B53F-CDC4F5B70FF2}.Debug|Any CPU.ActiveCfg = Debug|Any CPU
		{6E7BCDDD-3745-43DF-B53F-CDC4F5B70FF2}.Debug|Any CPU.Build.0 = Debug|Any CPU
		{6E7BCDDD-3745-43DF-B53F-CDC4F5B70FF2}.Release|Any CPU.ActiveCfg = Release|Any CPU
		{6E7BCDDD-3745-43DF-B53F-CDC4F5B70FF2}.Release|Any CPU.Build.0 = Release|Any CPU
		{CA66A8B8-9816-4EED-AAD9-FAD5579304AA}.Debug|Any CPU.ActiveCfg = Debug|Any CPU
		{CA66A8B8-9816-4EED-AAD9-FAD5579304AA}.Debug|Any CPU.Build.0 = Debug|Any CPU
		{CA66A8B8-9816-4EED-AAD9-FAD5579304AA}.Release|Any CPU.ActiveCfg = Release|Any CPU
		{CA66A8B8-9816-4EED-AAD9-FAD5579304AA}.Release|Any CPU.Build.0 = Release|Any CPU
		{0A470661-6F4E-45D6-BA6C-FBF0DC0F9213}.Debug|Any CPU.ActiveCfg = Debug|Any CPU
		{0A470661-6F4E-45D6-BA6C-FBF0DC0F9213}.Debug|Any CPU.Build.0 = Debug|Any CPU
		{0A470661-6F4E-45D6-BA6C-FBF0DC0F9213}.Release|Any CPU.ActiveCfg = Release|Any CPU
		{0A470661-6F4E-45D6-BA6C-FBF0DC0F9213}.Release|Any CPU.Build.0 = Release|Any CPU
	EndGlobalSection
EndGlobal
