
Microsoft Visual Studio Solution File, Format Version 12.00
# Visual Studio Version 16
VisualStudioVersion = 16.0.30204.135
MinimumVisualStudioVersion = 10.0.40219.1
Project("{9A19103F-16F7-4668-BE54-9A1E7A4F7556}") = "Wellcome.Dds.Server", "Wellcome.Dds.Server\Wellcome.Dds.Server.csproj", "{6E7BCDDD-3745-43DF-B53F-CDC4F5B70FF2}"
EndProject
Project("{9A19103F-16F7-4668-BE54-9A1E7A4F7556}") = "Wellcome.Dds.Common", "Wellcome.Dds.Common\Wellcome.Dds.Common.csproj", "{CA66A8B8-9816-4EED-AAD9-FAD5579304AA}"
EndProject
Project("{9A19103F-16F7-4668-BE54-9A1E7A4F7556}") = "Utils", "Utils\Utils.csproj", "{0A470661-6F4E-45D6-BA6C-FBF0DC0F9213}"
EndProject
Project("{2150E333-8FDC-42A3-9474-1A3956D46DE8}") = "Tests", "Tests", "{0591D781-5C15-454F-9243-FE6536EDFEC1}"
EndProject
Project("{9A19103F-16F7-4668-BE54-9A1E7A4F7556}") = "Utils.Tests", "Utils.Tests\Utils.Tests.csproj", "{B48B1C44-A7FB-4472-92C8-195F69E75CF0}"
EndProject
Project("{9A19103F-16F7-4668-BE54-9A1E7A4F7556}") = "Wellcome.Dds.Dashboard", "Wellcome.Dds.Dashboard\Wellcome.Dds.Dashboard.csproj", "{E22BF9A0-131D-4964-954A-EB5FCF0EBEF1}"
EndProject
Project("{9A19103F-16F7-4668-BE54-9A1E7A4F7556}") = "DlcsJobProcessor", "DlcsJobProcessor\DlcsJobProcessor.csproj", "{243FB802-9826-47F0-B667-393BB8322CD8}"
EndProject
Project("{9A19103F-16F7-4668-BE54-9A1E7A4F7556}") = "WorkflowProcessor", "WorkflowProcessor\WorkflowProcessor.csproj", "{BA319EE8-5315-495C-B929-9E5EB0893117}"
EndProject
Project("{9A19103F-16F7-4668-BE54-9A1E7A4F7556}") = "Wellcome.Dds.Data", "Wellcome.Dds.Data\Wellcome.Dds.Data.csproj", "{18A5F9A7-EB13-4636-94CA-B892F811081B}"
EndProject
Project("{9A19103F-16F7-4668-BE54-9A1E7A4F7556}") = "Wellcome.Dds.AssetDomainRepositories", "Wellcome.Dds.AssetDomainRepositories\Wellcome.Dds.AssetDomainRepositories.csproj", "{B61FB8E6-7674-4BF9-9FA7-92C2CF8071D2}"
EndProject
Project("{9A19103F-16F7-4668-BE54-9A1E7A4F7556}") = "Wellcome.Dds.AssetDomain", "Wellcome.Dds.AssetDomain\Wellcome.Dds.AssetDomain.csproj", "{1D308CB3-2F47-482B-B83B-AE7DFC446425}"
EndProject
Project("{9A19103F-16F7-4668-BE54-9A1E7A4F7556}") = "DlcsWebClient", "DlcsWebClient\DlcsWebClient.csproj", "{0BE3069E-FF83-4482-825A-03D642B7403D}"
EndProject
Project("{9A19103F-16F7-4668-BE54-9A1E7A4F7556}") = "Wellcome.Dds", "Wellcome.Dds\Wellcome.Dds.csproj", "{5DA8E1F3-BA02-44EC-B562-D51A05461F13}"
EndProject
Project("{9A19103F-16F7-4668-BE54-9A1E7A4F7556}") = "Utils.Aws", "Utils.Aws\Utils.Aws.csproj", "{F1A525FA-9DF7-46F2-A10E-902E39A47554}"
EndProject
Project("{9A19103F-16F7-4668-BE54-9A1E7A4F7556}") = "Wellcome.Dds.Repositories", "Wellcome.Dds.Repositories\Wellcome.Dds.Repositories.csproj", "{0E0B5C54-0552-4613-9739-79A0C1487F3D}"
EndProject
Project("{9A19103F-16F7-4668-BE54-9A1E7A4F7556}") = "DlcsWebClient.Tests", "DlcsWebClient.Tests\DlcsWebClient.Tests.csproj", "{18B02CF1-4A24-4B4A-9C85-25EE0D9603CF}"
EndProject
Project("{9A19103F-16F7-4668-BE54-9A1E7A4F7556}") = "Wellcome.Dds.AssetDomainRepositories.Tests", "Wellcome.Dds.AssetDomainRepositories.Tests\Wellcome.Dds.AssetDomainRepositories.Tests.csproj", "{D9836378-AE6E-416C-A402-36C9F131E905}"
EndProject
Project("{9A19103F-16F7-4668-BE54-9A1E7A4F7556}") = "Test.Helpers", "Test.Helpers\Test.Helpers.csproj", "{9AC56C72-8266-4E7A-B23E-E10F270555DB}"
EndProject
Project("{9A19103F-16F7-4668-BE54-9A1E7A4F7556}") = "Wellcome.Dds.Server.Tests", "Wellcome.Dds.Server.Tests\Wellcome.Dds.Server.Tests.csproj", "{219BEEC8-59DA-4298-8B3E-58E1FDE45DE7}"
EndProject
Project("{9A19103F-16F7-4668-BE54-9A1E7A4F7556}") = "WorkflowProcessor.Tests", "WorkflowProcessor.Tests\WorkflowProcessor.Tests.csproj", "{9D29EF36-F17D-4FAA-BCD7-5AB00B604E6C}"
EndProject
Project("{9A19103F-16F7-4668-BE54-9A1E7A4F7556}") = "CatalogueAPI.Tests", "CatalogueAPI.Tests\CatalogueAPI.Tests.csproj", "{F6257515-8FE4-44DF-A8BA-AF446249EBB0}"
EndProject
Project("{2150E333-8FDC-42A3-9474-1A3956D46DE8}") = "Tools", "Tools", "{5D9253C3-38DA-4125-9676-12E43AEBDD1D}"
EndProject
Project("{9A19103F-16F7-4668-BE54-9A1E7A4F7556}") = "CatalogueClient", "CatalogueClient\CatalogueClient.csproj", "{07603EFE-6A3F-481B-86A8-1C9362865CB3}"
EndProject
Project("{9A19103F-16F7-4668-BE54-9A1E7A4F7556}") = "Wellcome.Dds.Common.Tests", "Wellcome.Dds.Common.Tests\Wellcome.Dds.Common.Tests.csproj", "{29BA804F-73FA-4AFF-A678-91738D0169F4}"
EndProject
Project("{9A19103F-16F7-4668-BE54-9A1E7A4F7556}") = "Wellcome.Dds.Auth.Web", "Wellcome.Dds.Auth.Web\Wellcome.Dds.Auth.Web.csproj", "{FAE1C359-385A-4928-8C10-47D82F2A6EA2}"
EndProject
Project("{9A19103F-16F7-4668-BE54-9A1E7A4F7556}") = "Wellcome.Dds.MillenniumClient", "Wellcome.Dds.MillenniumClient\Wellcome.Dds.MillenniumClient.csproj", "{0C55FBB8-6113-40F6-89C6-B9D9835B0741}"
EndProject
Project("{FAE04EC0-301F-11D3-BF4B-00C04F79EFBC}") = "OAuth2", "OAuth2\OAuth2.csproj", "{40205BF6-0132-4051-87BB-E128519FBB79}"
EndProject
Project("{FAE04EC0-301F-11D3-BF4B-00C04F79EFBC}") = "OAuth2Client.Tests", "OAuth2Client.Tests\OAuth2Client.Tests.csproj", "{3441C2E4-5D1B-4498-B949-B26A12FCDAFD}"
EndProject
Global
	GlobalSection(SolutionConfigurationPlatforms) = preSolution
		Debug|Any CPU = Debug|Any CPU
		Release|Any CPU = Release|Any CPU
	EndGlobalSection
	GlobalSection(ProjectConfigurationPlatforms) = postSolution
		{6E7BCDDD-3745-43DF-B53F-CDC4F5B70FF2}.Debug|Any CPU.ActiveCfg = Debug|Any CPU
		{6E7BCDDD-3745-43DF-B53F-CDC4F5B70FF2}.Debug|Any CPU.Build.0 = Debug|Any CPU
		{6E7BCDDD-3745-43DF-B53F-CDC4F5B70FF2}.Release|Any CPU.ActiveCfg = Release|Any CPU
		{6E7BCDDD-3745-43DF-B53F-CDC4F5B70FF2}.Release|Any CPU.Build.0 = Release|Any CPU
		{CA66A8B8-9816-4EED-AAD9-FAD5579304AA}.Debug|Any CPU.ActiveCfg = Debug|Any CPU
		{CA66A8B8-9816-4EED-AAD9-FAD5579304AA}.Debug|Any CPU.Build.0 = Debug|Any CPU
		{CA66A8B8-9816-4EED-AAD9-FAD5579304AA}.Release|Any CPU.ActiveCfg = Release|Any CPU
		{CA66A8B8-9816-4EED-AAD9-FAD5579304AA}.Release|Any CPU.Build.0 = Release|Any CPU
		{0A470661-6F4E-45D6-BA6C-FBF0DC0F9213}.Debug|Any CPU.ActiveCfg = Debug|Any CPU
		{0A470661-6F4E-45D6-BA6C-FBF0DC0F9213}.Debug|Any CPU.Build.0 = Debug|Any CPU
		{0A470661-6F4E-45D6-BA6C-FBF0DC0F9213}.Release|Any CPU.ActiveCfg = Release|Any CPU
		{0A470661-6F4E-45D6-BA6C-FBF0DC0F9213}.Release|Any CPU.Build.0 = Release|Any CPU
		{B48B1C44-A7FB-4472-92C8-195F69E75CF0}.Debug|Any CPU.ActiveCfg = Debug|Any CPU
		{B48B1C44-A7FB-4472-92C8-195F69E75CF0}.Debug|Any CPU.Build.0 = Debug|Any CPU
		{B48B1C44-A7FB-4472-92C8-195F69E75CF0}.Release|Any CPU.ActiveCfg = Release|Any CPU
		{B48B1C44-A7FB-4472-92C8-195F69E75CF0}.Release|Any CPU.Build.0 = Release|Any CPU
		{E22BF9A0-131D-4964-954A-EB5FCF0EBEF1}.Debug|Any CPU.ActiveCfg = Debug|Any CPU
		{E22BF9A0-131D-4964-954A-EB5FCF0EBEF1}.Debug|Any CPU.Build.0 = Debug|Any CPU
		{E22BF9A0-131D-4964-954A-EB5FCF0EBEF1}.Release|Any CPU.ActiveCfg = Release|Any CPU
		{E22BF9A0-131D-4964-954A-EB5FCF0EBEF1}.Release|Any CPU.Build.0 = Release|Any CPU
		{243FB802-9826-47F0-B667-393BB8322CD8}.Debug|Any CPU.ActiveCfg = Debug|Any CPU
		{243FB802-9826-47F0-B667-393BB8322CD8}.Debug|Any CPU.Build.0 = Debug|Any CPU
		{243FB802-9826-47F0-B667-393BB8322CD8}.Release|Any CPU.ActiveCfg = Release|Any CPU
		{243FB802-9826-47F0-B667-393BB8322CD8}.Release|Any CPU.Build.0 = Release|Any CPU
		{BA319EE8-5315-495C-B929-9E5EB0893117}.Debug|Any CPU.ActiveCfg = Debug|Any CPU
		{BA319EE8-5315-495C-B929-9E5EB0893117}.Debug|Any CPU.Build.0 = Debug|Any CPU
		{BA319EE8-5315-495C-B929-9E5EB0893117}.Release|Any CPU.ActiveCfg = Release|Any CPU
		{BA319EE8-5315-495C-B929-9E5EB0893117}.Release|Any CPU.Build.0 = Release|Any CPU
		{18A5F9A7-EB13-4636-94CA-B892F811081B}.Debug|Any CPU.ActiveCfg = Debug|Any CPU
		{18A5F9A7-EB13-4636-94CA-B892F811081B}.Debug|Any CPU.Build.0 = Debug|Any CPU
		{18A5F9A7-EB13-4636-94CA-B892F811081B}.Release|Any CPU.ActiveCfg = Release|Any CPU
		{18A5F9A7-EB13-4636-94CA-B892F811081B}.Release|Any CPU.Build.0 = Release|Any CPU
		{B61FB8E6-7674-4BF9-9FA7-92C2CF8071D2}.Debug|Any CPU.ActiveCfg = Debug|Any CPU
		{B61FB8E6-7674-4BF9-9FA7-92C2CF8071D2}.Debug|Any CPU.Build.0 = Debug|Any CPU
		{B61FB8E6-7674-4BF9-9FA7-92C2CF8071D2}.Release|Any CPU.ActiveCfg = Release|Any CPU
		{B61FB8E6-7674-4BF9-9FA7-92C2CF8071D2}.Release|Any CPU.Build.0 = Release|Any CPU
		{1D308CB3-2F47-482B-B83B-AE7DFC446425}.Debug|Any CPU.ActiveCfg = Debug|Any CPU
		{1D308CB3-2F47-482B-B83B-AE7DFC446425}.Debug|Any CPU.Build.0 = Debug|Any CPU
		{1D308CB3-2F47-482B-B83B-AE7DFC446425}.Release|Any CPU.ActiveCfg = Release|Any CPU
		{1D308CB3-2F47-482B-B83B-AE7DFC446425}.Release|Any CPU.Build.0 = Release|Any CPU
		{0BE3069E-FF83-4482-825A-03D642B7403D}.Debug|Any CPU.ActiveCfg = Debug|Any CPU
		{0BE3069E-FF83-4482-825A-03D642B7403D}.Debug|Any CPU.Build.0 = Debug|Any CPU
		{0BE3069E-FF83-4482-825A-03D642B7403D}.Release|Any CPU.ActiveCfg = Release|Any CPU
		{0BE3069E-FF83-4482-825A-03D642B7403D}.Release|Any CPU.Build.0 = Release|Any CPU
		{5DA8E1F3-BA02-44EC-B562-D51A05461F13}.Debug|Any CPU.ActiveCfg = Debug|Any CPU
		{5DA8E1F3-BA02-44EC-B562-D51A05461F13}.Debug|Any CPU.Build.0 = Debug|Any CPU
		{5DA8E1F3-BA02-44EC-B562-D51A05461F13}.Release|Any CPU.ActiveCfg = Release|Any CPU
		{5DA8E1F3-BA02-44EC-B562-D51A05461F13}.Release|Any CPU.Build.0 = Release|Any CPU
		{F1A525FA-9DF7-46F2-A10E-902E39A47554}.Debug|Any CPU.ActiveCfg = Debug|Any CPU
		{F1A525FA-9DF7-46F2-A10E-902E39A47554}.Debug|Any CPU.Build.0 = Debug|Any CPU
		{F1A525FA-9DF7-46F2-A10E-902E39A47554}.Release|Any CPU.ActiveCfg = Release|Any CPU
		{F1A525FA-9DF7-46F2-A10E-902E39A47554}.Release|Any CPU.Build.0 = Release|Any CPU
		{0E0B5C54-0552-4613-9739-79A0C1487F3D}.Debug|Any CPU.ActiveCfg = Debug|Any CPU
		{0E0B5C54-0552-4613-9739-79A0C1487F3D}.Debug|Any CPU.Build.0 = Debug|Any CPU
		{0E0B5C54-0552-4613-9739-79A0C1487F3D}.Release|Any CPU.ActiveCfg = Release|Any CPU
		{0E0B5C54-0552-4613-9739-79A0C1487F3D}.Release|Any CPU.Build.0 = Release|Any CPU
		{18B02CF1-4A24-4B4A-9C85-25EE0D9603CF}.Debug|Any CPU.ActiveCfg = Debug|Any CPU
		{18B02CF1-4A24-4B4A-9C85-25EE0D9603CF}.Debug|Any CPU.Build.0 = Debug|Any CPU
		{18B02CF1-4A24-4B4A-9C85-25EE0D9603CF}.Release|Any CPU.ActiveCfg = Release|Any CPU
		{18B02CF1-4A24-4B4A-9C85-25EE0D9603CF}.Release|Any CPU.Build.0 = Release|Any CPU
		{D9836378-AE6E-416C-A402-36C9F131E905}.Debug|Any CPU.ActiveCfg = Debug|Any CPU
		{D9836378-AE6E-416C-A402-36C9F131E905}.Debug|Any CPU.Build.0 = Debug|Any CPU
		{D9836378-AE6E-416C-A402-36C9F131E905}.Release|Any CPU.ActiveCfg = Release|Any CPU
		{D9836378-AE6E-416C-A402-36C9F131E905}.Release|Any CPU.Build.0 = Release|Any CPU
		{9AC56C72-8266-4E7A-B23E-E10F270555DB}.Debug|Any CPU.ActiveCfg = Debug|Any CPU
		{9AC56C72-8266-4E7A-B23E-E10F270555DB}.Debug|Any CPU.Build.0 = Debug|Any CPU
		{9AC56C72-8266-4E7A-B23E-E10F270555DB}.Release|Any CPU.ActiveCfg = Release|Any CPU
		{9AC56C72-8266-4E7A-B23E-E10F270555DB}.Release|Any CPU.Build.0 = Release|Any CPU
		{219BEEC8-59DA-4298-8B3E-58E1FDE45DE7}.Debug|Any CPU.ActiveCfg = Debug|Any CPU
		{219BEEC8-59DA-4298-8B3E-58E1FDE45DE7}.Debug|Any CPU.Build.0 = Debug|Any CPU
		{219BEEC8-59DA-4298-8B3E-58E1FDE45DE7}.Release|Any CPU.ActiveCfg = Release|Any CPU
		{219BEEC8-59DA-4298-8B3E-58E1FDE45DE7}.Release|Any CPU.Build.0 = Release|Any CPU
		{9D29EF36-F17D-4FAA-BCD7-5AB00B604E6C}.Debug|Any CPU.ActiveCfg = Debug|Any CPU
		{9D29EF36-F17D-4FAA-BCD7-5AB00B604E6C}.Debug|Any CPU.Build.0 = Debug|Any CPU
		{9D29EF36-F17D-4FAA-BCD7-5AB00B604E6C}.Release|Any CPU.ActiveCfg = Release|Any CPU
		{9D29EF36-F17D-4FAA-BCD7-5AB00B604E6C}.Release|Any CPU.Build.0 = Release|Any CPU
		{F6257515-8FE4-44DF-A8BA-AF446249EBB0}.Debug|Any CPU.ActiveCfg = Debug|Any CPU
		{F6257515-8FE4-44DF-A8BA-AF446249EBB0}.Debug|Any CPU.Build.0 = Debug|Any CPU
		{F6257515-8FE4-44DF-A8BA-AF446249EBB0}.Release|Any CPU.ActiveCfg = Release|Any CPU
		{F6257515-8FE4-44DF-A8BA-AF446249EBB0}.Release|Any CPU.Build.0 = Release|Any CPU
		{07603EFE-6A3F-481B-86A8-1C9362865CB3}.Debug|Any CPU.ActiveCfg = Debug|Any CPU
		{07603EFE-6A3F-481B-86A8-1C9362865CB3}.Debug|Any CPU.Build.0 = Debug|Any CPU
		{07603EFE-6A3F-481B-86A8-1C9362865CB3}.Release|Any CPU.ActiveCfg = Release|Any CPU
		{07603EFE-6A3F-481B-86A8-1C9362865CB3}.Release|Any CPU.Build.0 = Release|Any CPU
		{29BA804F-73FA-4AFF-A678-91738D0169F4}.Debug|Any CPU.ActiveCfg = Debug|Any CPU
		{29BA804F-73FA-4AFF-A678-91738D0169F4}.Debug|Any CPU.Build.0 = Debug|Any CPU
		{29BA804F-73FA-4AFF-A678-91738D0169F4}.Release|Any CPU.ActiveCfg = Release|Any CPU
		{29BA804F-73FA-4AFF-A678-91738D0169F4}.Release|Any CPU.Build.0 = Release|Any CPU
		{FAE1C359-385A-4928-8C10-47D82F2A6EA2}.Debug|Any CPU.ActiveCfg = Debug|Any CPU
		{FAE1C359-385A-4928-8C10-47D82F2A6EA2}.Debug|Any CPU.Build.0 = Debug|Any CPU
		{FAE1C359-385A-4928-8C10-47D82F2A6EA2}.Release|Any CPU.ActiveCfg = Release|Any CPU
		{FAE1C359-385A-4928-8C10-47D82F2A6EA2}.Release|Any CPU.Build.0 = Release|Any CPU
		{0C55FBB8-6113-40F6-89C6-B9D9835B0741}.Debug|Any CPU.ActiveCfg = Debug|Any CPU
		{0C55FBB8-6113-40F6-89C6-B9D9835B0741}.Debug|Any CPU.Build.0 = Debug|Any CPU
		{0C55FBB8-6113-40F6-89C6-B9D9835B0741}.Release|Any CPU.ActiveCfg = Release|Any CPU
		{0C55FBB8-6113-40F6-89C6-B9D9835B0741}.Release|Any CPU.Build.0 = Release|Any CPU
		{40205BF6-0132-4051-87BB-E128519FBB79}.Debug|Any CPU.ActiveCfg = Debug|Any CPU
		{40205BF6-0132-4051-87BB-E128519FBB79}.Debug|Any CPU.Build.0 = Debug|Any CPU
		{40205BF6-0132-4051-87BB-E128519FBB79}.Release|Any CPU.ActiveCfg = Release|Any CPU
		{40205BF6-0132-4051-87BB-E128519FBB79}.Release|Any CPU.Build.0 = Release|Any CPU
		{3441C2E4-5D1B-4498-B949-B26A12FCDAFD}.Debug|Any CPU.ActiveCfg = Debug|Any CPU
		{3441C2E4-5D1B-4498-B949-B26A12FCDAFD}.Debug|Any CPU.Build.0 = Debug|Any CPU
		{3441C2E4-5D1B-4498-B949-B26A12FCDAFD}.Release|Any CPU.ActiveCfg = Release|Any CPU
		{3441C2E4-5D1B-4498-B949-B26A12FCDAFD}.Release|Any CPU.Build.0 = Release|Any CPU
	EndGlobalSection
	GlobalSection(SolutionProperties) = preSolution
		HideSolutionNode = FALSE
	EndGlobalSection
	GlobalSection(NestedProjects) = preSolution
		{B48B1C44-A7FB-4472-92C8-195F69E75CF0} = {0591D781-5C15-454F-9243-FE6536EDFEC1}
		{18B02CF1-4A24-4B4A-9C85-25EE0D9603CF} = {0591D781-5C15-454F-9243-FE6536EDFEC1}
		{D9836378-AE6E-416C-A402-36C9F131E905} = {0591D781-5C15-454F-9243-FE6536EDFEC1}
		{9AC56C72-8266-4E7A-B23E-E10F270555DB} = {0591D781-5C15-454F-9243-FE6536EDFEC1}
		{219BEEC8-59DA-4298-8B3E-58E1FDE45DE7} = {0591D781-5C15-454F-9243-FE6536EDFEC1}
		{9D29EF36-F17D-4FAA-BCD7-5AB00B604E6C} = {0591D781-5C15-454F-9243-FE6536EDFEC1}
		{F6257515-8FE4-44DF-A8BA-AF446249EBB0} = {0591D781-5C15-454F-9243-FE6536EDFEC1}
		{07603EFE-6A3F-481B-86A8-1C9362865CB3} = {5D9253C3-38DA-4125-9676-12E43AEBDD1D}
		{29BA804F-73FA-4AFF-A678-91738D0169F4} = {0591D781-5C15-454F-9243-FE6536EDFEC1}
		{3441C2E4-5D1B-4498-B949-B26A12FCDAFD} = {0591D781-5C15-454F-9243-FE6536EDFEC1}
	EndGlobalSection
	GlobalSection(ExtensibilityGlobals) = postSolution
		SolutionGuid = {2745EEFB-05EA-40E0-BECC-7F24548F7DE7}
	EndGlobalSection
EndGlobal
